{
	"name": "@vuepress/plugin-last-updated",
	"version": "1.0.3",
	"lockfileVersion": 1,
	"requires": true,
	"dependencies": {
		"cross-spawn": {
			"version": "6.0.5",
			"resolved": "https://registry.npmjs.org/cross-spawn/-/cross-spawn-6.0.5.tgz",
			"integrity": "sha512-eTVLrBSt7fjbDygz805pMnstIs2VTBNkRm0qxZd+M7A5XDdxVRWO5MxGBXZhjY4cqLYLdtrGqRf8mBPmzwSpWQ==",
			"requires": {
				"nice-try": "^1.0.4",
				"path-key": "^2.0.1",
				"semver": "^5.5.0",
				"shebang-command": "^1.2.0",
				"which": "^1.2.9"
			}
		},
		"isexe": {
			"version": "2.0.0",
			"resolved": "https://registry.npmjs.org/isexe/-/isexe-2.0.0.tgz",
			"integrity": "sha1-6PvzdNxVb/iUehDcsFctYz8s+hA="
		},
		"nice-try": {
			"version": "1.0.5",
			"resolved": "https://registry.npmjs.org/nice-try/-/nice-try-1.0.5.tgz",
			"integrity": "sha512-1nh45deeb5olNY7eX82BkPO7SSxR5SSYJiPTrTdFUVYwAl8CKMA5N9PjTYkHiRjisVcxcQ1HXdLhx2qxxJzLNQ=="
		},
		"path-key": {
			"version": "2.0.1",
			"resolved": "https://registry.npmjs.org/path-key/-/path-key-2.0.1.tgz",
			"integrity": "sha1-QRyttXTFoUDTpLGRDUDYDMn0C0A="
		},
		"semver": {
			"version": "5.7.1",
			"resolved": "https://registry.npmjs.org/semver/-/semver-5.7.1.tgz",
			"integrity": "sha512-sauaDf/PZdVgrLTNYHRtpXa1iRiKcaebiKQ1BJdpQlWH2lCvexQdX55snPFyK7QzpudqbCI0qXFfOasHdyNDGQ=="
		},
		"shebang-command": {
			"version": "1.2.0",
			"resolved": "https://registry.npmjs.org/shebang-command/-/shebang-command-1.2.0.tgz",
			"integrity": "sha1-RKrGW2lbAzmJaMOfNj/uXer98eo=",
			"requires": {
				"shebang-regex": "^1.0.0"
			}
		},
		"shebang-regex": {
			"version": "1.0.0",
			"resolved": "https://registry.npmjs.org/shebang-regex/-/shebang-regex-1.0.0.tgz",
			"integrity": "sha1-2kL0l0DAtC2yypcoVxyxkMmO/qM="
		},
		"which": {
			"version": "1.3.1",
			"resolved": "https://registry.npmjs.org/which/-/which-1.3.1.tgz",
			"integrity": "sha512-HxJdYWq1MTIQbJ3nw0cqssHoTNU267KlrDuGZ1WYlxDStUtKUhOaJmh112/TZmHxxUfuJqPXSOm7tDyas0OSIQ==",
			"requires": {
				"isexe": "^2.0.0"
			}
		}
	}
}
