{
	"name": "@vuepress/plugin-medium-zoom",
	"version": "1.0.3",
	"lockfileVersion": 1,
	"requires": true,
	"dependencies": {
		"medium-zoom": {
			"version": "1.0.4",
			"resolved": "https://registry.npmjs.org/medium-zoom/-/medium-zoom-1.0.4.tgz",
			"integrity": "sha512-BjE+00gQku3XQfgHDcqyYwQaBtFddzh6Lnj1RZOliqJ9HS0mh/P2IaqVJ25/j9EbnjAUf27mLeLZBRxnd00bfA=="
		}
	}
}
