{
	"name": "@vuepress/plugin-nprogress",
	"version": "1.0.3",
	"lockfileVersion": 1,
	"requires": true,
	"dependencies": {
		"nprogress": {
			"version": "0.2.0",
			"resolved": "https://registry.npmjs.org/nprogress/-/nprogress-0.2.0.tgz",
			"integrity": "sha1-y480xTIT2JVyP8urkH6UIq28r7E="
		}
	}
}
